// !$*UTF8*$!
{
	archiveVersion = 1;
	classes = {
	};
	objectVersion = 50;
	objects = {

/* Begin PBXBuildFile section */
		5465C25559AB438A5CE8918F /* Pods_MentionApp.framework in Frameworks */ = {isa = PBXBuildFile; fileRef = 9BC127E4F1B4F719CD2ED65A /* Pods_MentionApp.framework */; };
		628C68E121194908005CFD59 /* TagUserDataManager.swift in Sources */ = {isa = PBXBuildFile; fileRef = 628C68E021194907005CFD59 /* TagUserDataManager.swift */; };
		629113A921193FDB00A1DCBB /* AppDelegate.swift in Sources */ = {isa = PBXBuildFile; fileRef = 629113A821193FDB00A1DCBB /* AppDelegate.swift */; };
		629113AB21193FDB00A1DCBB /* ViewController.swift in Sources */ = {isa = PBXBuildFile; fileRef = 629113AA21193FDB00A1DCBB /* ViewController.swift */; };
		629113AE21193FDB00A1DCBB /* Main.storyboard in Resources */ = {isa = PBXBuildFile; fileRef = 629113AC21193FDB00A1DCBB /* Main.storyboard */; };
		629113B021193FDD00A1DCBB /* Assets.xcassets in Resources */ = {isa = PBXBuildFile; fileRef = 629113AF21193FDD00A1DCBB /* Assets.xcassets */; };
		629113B321193FDD00A1DCBB /* LaunchScreen.storyboard in Resources */ = {isa = PBXBuildFile; fileRef = 629113B121193FDD00A1DCBB /* LaunchScreen.storyboard */; };
/* End PBXBuildFile section */

/* Begin PBXFileReference section */
		628C68E021194907005CFD59 /* TagUserDataManager.swift */ = {isa = PBXFileReference; lastKnownFileType = sourcecode.swift; path = TagUserDataManager.swift; sourceTree = "<group>"; };
		629113A521193FDB00A1DCBB /* MentionApp.app */ = {isa = PBXFileReference; explicitFileType = wrapper.application; includeInIndex = 0; path = MentionApp.app; sourceTree = BUILT_PRODUCTS_DIR; };
		629113A821193FDB00A1DCBB /* AppDelegate.swift */ = {isa = PBXFileReference; lastKnownFileType = sourcecode.swift; path = AppDelegate.swift; sourceTree = "<group>"; };
		629113AA21193FDB00A1DCBB /* ViewController.swift */ = {isa = PBXFileReference; lastKnownFileType = sourcecode.swift; path = ViewController.swift; sourceTree = "<group>"; };
		629113AD21193FDB00A1DCBB /* Base */ = {isa = PBXFileReference; lastKnownFileType = file.storyboard; name = Base; path = Base.lproj/Main.storyboard; sourceTree = "<group>"; };
		629113AF21193FDD00A1DCBB /* Assets.xcassets */ = {isa = PBXFileReference; lastKnownFileType = folder.assetcatalog; path = Assets.xcassets; sourceTree = "<group>"; };
		629113B221193FDD00A1DCBB /* Base */ = {isa = PBXFileReference; lastKnownFileType = file.storyboard; name = Base; path = Base.lproj/LaunchScreen.storyboard; sourceTree = "<group>"; };
		629113B421193FDD00A1DCBB /* Info.plist */ = {isa = PBXFileReference; lastKnownFileType = text.plist.xml; path = Info.plist; sourceTree = "<group>"; };
		8C6D3B5AD653B6745454B9B0 /* Pods-MentionApp.release.xcconfig */ = {isa = PBXFileReference; includeInIndex = 1; lastKnownFileType = text.xcconfig; name = "Pods-MentionApp.release.xcconfig"; path = "Pods/Target Support Files/Pods-MentionApp/Pods-MentionApp.release.xcconfig"; sourceTree = "<group>"; };
		9BC127E4F1B4F719CD2ED65A /* Pods_MentionApp.framework */ = {isa = PBXFileReference; explicitFileType = wrapper.framework; includeInIndex = 0; path = Pods_MentionApp.framework; sourceTree = BUILT_PRODUCTS_DIR; };
		EE6CDFEA19F54697FA6F8103 /* Pods-MentionApp.debug.xcconfig */ = {isa = PBXFileReference; includeInIndex = 1; lastKnownFileType = text.xcconfig; name = "Pods-MentionApp.debug.xcconfig"; path = "Pods/Target Support Files/Pods-MentionApp/Pods-MentionApp.debug.xcconfig"; sourceTree = "<group>"; };
/* End PBXFileReference section */

/* Begin PBXFrameworksBuildPhase section */
		629113A221193FDB00A1DCBB /* Frameworks */ = {
			isa = PBXFrameworksBuildPhase;
			buildActionMask = 2147483647;
			files = (
				5465C25559AB438A5CE8918F /* Pods_MentionApp.framework in Frameworks */,
			);
			runOnlyForDeploymentPostprocessing = 0;
		};
/* End PBXFrameworksBuildPhase section */

/* Begin PBXGroup section */
		04F13C12178C2402C0EECB9E /* Frameworks */ = {
			isa = PBXGroup;
			children = (
				9BC127E4F1B4F719CD2ED65A /* Pods_MentionApp.framework */,
			);
			name = Frameworks;
			sourceTree = "<group>";
		};
		6291139C21193FDB00A1DCBB = {
			isa = PBXGroup;
			children = (
				629113A721193FDB00A1DCBB /* MentionApp */,
				629113A621193FDB00A1DCBB /* Products */,
				9C93A9511796D24D008E1A44 /* Pods */,
				04F13C12178C2402C0EECB9E /* Frameworks */,
			);
			sourceTree = "<group>";
		};
		629113A621193FDB00A1DCBB /* Products */ = {
			isa = PBXGroup;
			children = (
				629113A521193FDB00A1DCBB /* MentionApp.app */,
			);
			name = Products;
			sourceTree = "<group>";
		};
		629113A721193FDB00A1DCBB /* MentionApp */ = {
			isa = PBXGroup;
			children = (
				629113A821193FDB00A1DCBB /* AppDelegate.swift */,
				629113AA21193FDB00A1DCBB /* ViewController.swift */,
				629113AC21193FDB00A1DCBB /* Main.storyboard */,
				629113AF21193FDD00A1DCBB /* Assets.xcassets */,
				629113B121193FDD00A1DCBB /* LaunchScreen.storyboard */,
				629113B421193FDD00A1DCBB /* Info.plist */,
				628C68E021194907005CFD59 /* TagUserDataManager.swift */,
			);
			path = MentionApp;
			sourceTree = "<group>";
		};
		9C93A9511796D24D008E1A44 /* Pods */ = {
			isa = PBXGroup;
			children = (
				EE6CDFEA19F54697FA6F8103 /* Pods-MentionApp.debug.xcconfig */,
				8C6D3B5AD653B6745454B9B0 /* Pods-MentionApp.release.xcconfig */,
			);
			name = Pods;
			sourceTree = "<group>";
		};
/* End PBXGroup section */

/* Begin PBXNativeTarget section */
		629113A421193FDB00A1DCBB /* MentionApp */ = {
			isa = PBXNativeTarget;
			buildConfigurationList = 629113B721193FDD00A1DCBB /* Build configuration list for PBXNativeTarget "MentionApp" */;
			buildPhases = (
				55D2CE5BF5701BDCFDCB2997 /* [CP] Check Pods Manifest.lock */,
				629113A121193FDB00A1DCBB /* Sources */,
				629113A221193FDB00A1DCBB /* Frameworks */,
				629113A321193FDB00A1DCBB /* Resources */,
				3C334F7E73E5FC7F815587DA /* [CP] Embed Pods Frameworks */,
			);
			buildRules = (
			);
			dependencies = (
			);
			name = MentionApp;
			productName = MentionApp;
			productReference = 629113A521193FDB00A1DCBB /* MentionApp.app */;
			productType = "com.apple.product-type.application";
		};
/* End PBXNativeTarget section */

/* Begin PBXProject section */
		6291139D21193FDB00A1DCBB /* Project object */ = {
			isa = PBXProject;
			attributes = {
				LastSwiftUpdateCheck = 0940;
				LastUpgradeCheck = 0940;
				TargetAttributes = {
					629113A421193FDB00A1DCBB = {
						CreatedOnToolsVersion = 9.4.1;
					};
				};
			};
			buildConfigurationList = 629113A021193FDB00A1DCBB /* Build configuration list for PBXProject "MentionApp" */;
			compatibilityVersion = "Xcode 9.3";
			developmentRegion = en;
			hasScannedForEncodings = 0;
			knownRegions = (
				en,
				Base,
			);
			mainGroup = 6291139C21193FDB00A1DCBB;
			productRefGroup = 629113A621193FDB00A1DCBB /* Products */;
			projectDirPath = "";
			projectRoot = "";
			targets = (
				629113A421193FDB00A1DCBB /* MentionApp */,
			);
		};
/* End PBXProject section */

/* Begin PBXResourcesBuildPhase section */
		629113A321193FDB00A1DCBB /* Resources */ = {
			isa = PBXResourcesBuildPhase;
			buildActionMask = 2147483647;
			files = (
				629113B321193FDD00A1DCBB /* LaunchScreen.storyboard in Resources */,
				629113B021193FDD00A1DCBB /* Assets.xcassets in Resources */,
				629113AE21193FDB00A1DCBB /* Main.storyboard in Resources */,
			);
			runOnlyForDeploymentPostprocessing = 0;
		};
/* End PBXResourcesBuildPhase section */

/* Begin PBXShellScriptBuildPhase section */
		3C334F7E73E5FC7F815587DA /* [CP] Embed Pods Frameworks */ = {
			isa = PBXShellScriptBuildPhase;
			buildActionMask = 2147483647;
			files = (
			);
			inputPaths = (
				"${SRCROOT}/Pods/Target Support Files/Pods-MentionApp/Pods-MentionApp-frameworks.sh",
				"${BUILT_PRODUCTS_DIR}/SZMentionsSwift/SZMentionsSwift.framework",
			);
			name = "[CP] Embed Pods Frameworks";
			outputPaths = (
				"${TARGET_BUILD_DIR}/${FRAMEWORKS_FOLDER_PATH}/SZMentionsSwift.framework",
			);
			runOnlyForDeploymentPostprocessing = 0;
			shellPath = /bin/sh;
			shellScript = "\"${SRCROOT}/Pods/Target Support Files/Pods-MentionApp/Pods-MentionApp-frameworks.sh\"\n";
			showEnvVarsInLog = 0;
		};
		55D2CE5BF5701BDCFDCB2997 /* [CP] Check Pods Manifest.lock */ = {
			isa = PBXShellScriptBuildPhase;
			buildActionMask = 2147483647;
			files = (
			);
			inputPaths = (
				"${PODS_PODFILE_DIR_PATH}/Podfile.lock",
				"${PODS_ROOT}/Manifest.lock",
			);
			name = "[CP] Check Pods Manifest.lock";
			outputPaths = (
				"$(DERIVED_FILE_DIR)/Pods-MentionApp-checkManifestLockResult.txt",
			);
			runOnlyForDeploymentPostprocessing = 0;
			shellPath = /bin/sh;
			shellScript = "diff \"${PODS_PODFILE_DIR_PATH}/Podfile.lock\" \"${PODS_ROOT}/Manifest.lock\" > /dev/null\nif [ $? != 0 ] ; then\n    # print error to STDERR\n    echo \"error: The sandbox is not in sync with the Podfile.lock. Run 'pod install' or update your CocoaPods installation.\" >&2\n    exit 1\nfi\n# This output is used by Xcode 'outputs' to avoid re-running this script phase.\necho \"SUCCESS\" > \"${SCRIPT_OUTPUT_FILE_0}\"\n";
			showEnvVarsInLog = 0;
		};
/* End PBXShellScriptBuildPhase section */

/* Begin PBXSourcesBuildPhase section */
		629113A121193FDB00A1DCBB /* Sources */ = {
			isa = PBXSourcesBuildPhase;
			buildActionMask = 2147483647;
			files = (
				629113AB21193FDB00A1DCBB /* ViewController.swift in Sources */,
				629113A921193FDB00A1DCBB /* AppDelegate.swift in Sources */,
				628C68E121194908005CFD59 /* TagUserDataManager.swift in Sources */,
			);
			runOnlyForDeploymentPostprocessing = 0;
		};
/* End PBXSourcesBuildPhase section */

/* Begin PBXVariantGroup section */
		629113AC21193FDB00A1DCBB /* Main.storyboard */ = {
			isa = PBXVariantGroup;
			children = (
				629113AD21193FDB00A1DCBB /* Base */,
			);
			name = Main.storyboard;
			sourceTree = "<group>";
		};
		629113B121193FDD00A1DCBB /* LaunchScreen.storyboard */ = {
			isa = PBXVariantGroup;
			children = (
				629113B221193FDD00A1DCBB /* Base */,
			);
			name = LaunchScreen.storyboard;
			sourceTree = "<group>";
		};
/* End PBXVariantGroup section */

/* Begin XCBuildConfiguration section */
		629113B521193FDD00A1DCBB /* Debug */ = {
			isa = XCBuildConfiguration;
			buildSettings = {
				ALWAYS_SEARCH_USER_PATHS = NO;
				CLANG_ANALYZER_NONNULL = YES;
				CLANG_ANALYZER_NUMBER_OBJECT_CONVERSION = YES_AGGRESSIVE;
				CLANG_CXX_LANGUAGE_STANDARD = "gnu++14";
				CLANG_CXX_LIBRARY = "libc++";
				CLANG_ENABLE_MODULES = YES;
				CLANG_ENABLE_OBJC_ARC = YES;
				CLANG_ENABLE_OBJC_WEAK = YES;
				CLANG_WARN_BLOCK_CAPTURE_AUTORELEASING = YES;
				CLANG_WARN_BOOL_CONVERSION = YES;
				CLANG_WARN_COMMA = YES;
				CLANG_WARN_CONSTANT_CONVERSION = YES;
				CLANG_WARN_DEPRECATED_OBJC_IMPLEMENTATIONS = YES;
				CLANG_WARN_DIRECT_OBJC_ISA_USAGE = YES_ERROR;
				CLANG_WARN_DOCUMENTATION_COMMENTS = YES;
				CLANG_WARN_EMPTY_BODY = YES;
				CLANG_WARN_ENUM_CONVERSION = YES;
				CLANG_WARN_INFINITE_RECURSION = YES;
				CLANG_WARN_INT_CONVERSION = YES;
				CLANG_WARN_NON_LITERAL_NULL_CONVERSION = YES;
				CLANG_WARN_OBJC_IMPLICIT_RETAIN_SELF = YES;
				CLANG_WARN_OBJC_LITERAL_CONVERSION = YES;
				CLANG_WARN_OBJC_ROOT_CLASS = YES_ERROR;
				CLANG_WARN_RANGE_LOOP_ANALYSIS = YES;
				CLANG_WARN_STRICT_PROTOTYPES = YES;
				CLANG_WARN_SUSPICIOUS_MOVE = YES;
				CLANG_WARN_UNGUARDED_AVAILABILITY = YES_AGGRESSIVE;
				CLANG_WARN_UNREACHABLE_CODE = YES;
				CLANG_WARN__DUPLICATE_METHOD_MATCH = YES;
				CODE_SIGN_IDENTITY = "iPhone Developer";
				COPY_PHASE_STRIP = NO;
				DEBUG_INFORMATION_FORMAT = dwarf;
				ENABLE_STRICT_OBJC_MSGSEND = YES;
				ENABLE_TESTABILITY = YES;
				GCC_C_LANGUAGE_STANDARD = gnu11;
				GCC_DYNAMIC_NO_PIC = NO;
				GCC_NO_COMMON_BLOCKS = YES;
				GCC_OPTIMIZATION_LEVEL = 0;
				GCC_PREPROCESSOR_DEFINITIONS = (
					"DEBUG=1",
					"$(inherited)",
				);
				GCC_WARN_64_TO_32_BIT_CONVERSION = YES;
				GCC_WARN_ABOUT_RETURN_TYPE = YES_ERROR;
				GCC_WARN_UNDECLARED_SELECTOR = YES;
				GCC_WARN_UNINITIALIZED_AUTOS = YES_AGGRESSIVE;
				GCC_WARN_UNUSED_FUNCTION = YES;
				GCC_WARN_UNUSED_VARIABLE = YES;
				IPHONEOS_DEPLOYMENT_TARGET = 10.0;
				MTL_ENABLE_DEBUG_INFO = YES;
				ONLY_ACTIVE_ARCH = YES;
				SDKROOT = iphoneos;
				SWIFT_ACTIVE_COMPILATION_CONDITIONS = DEBUG;
				SWIFT_OPTIMIZATION_LEVEL = "-Onone";
			};
			name = Debug;
		};
		629113B621193FDD00A1DCBB /* Release */ = {
			isa = XCBuildConfiguration;
			buildSettings = {
				ALWAYS_SEARCH_USER_PATHS = NO;
				CLANG_ANALYZER_NONNULL = YES;
				CLANG_ANALYZER_NUMBER_OBJECT_CONVERSION = YES_AGGRESSIVE;
				CLANG_CXX_LANGUAGE_STANDARD = "gnu++14";
				CLANG_CXX_LIBRARY = "libc++";
				CLANG_ENABLE_MODULES = YES;
				CLANG_ENABLE_OBJC_ARC = YES;
				CLANG_ENABLE_OBJC_WEAK = YES;
				CLANG_WARN_BLOCK_CAPTURE_AUTORELEASING = YES;
				CLANG_WARN_BOOL_CONVERSION = YES;
				CLANG_WARN_COMMA = YES;
				CLANG_WARN_CONSTANT_CONVERSION = YES;
				CLANG_WARN_DEPRECATED_OBJC_IMPLEMENTATIONS = YES;
				CLANG_WARN_DIRECT_OBJC_ISA_USAGE = YES_ERROR;
				CLANG_WARN_DOCUMENTATION_COMMENTS = YES;
				CLANG_WARN_EMPTY_BODY = YES;
				CLANG_WARN_ENUM_CONVERSION = YES;
				CLANG_WARN_INFINITE_RECURSION = YES;
				CLANG_WARN_INT_CONVERSION = YES;
				CLANG_WARN_NON_LITERAL_NULL_CONVERSION = YES;
				CLANG_WARN_OBJC_IMPLICIT_RETAIN_SELF = YES;
				CLANG_WARN_OBJC_LITERAL_CONVERSION = YES;
				CLANG_WARN_OBJC_ROOT_CLASS = YES_ERROR;
				CLANG_WARN_RANGE_LOOP_ANALYSIS = YES;
				CLANG_WARN_STRICT_PROTOTYPES = YES;
				CLANG_WARN_SUSPICIOUS_MOVE = YES;
				CLANG_WARN_UNGUARDED_AVAILABILITY = YES_AGGRESSIVE;
				CLANG_WARN_UNREACHABLE_CODE = YES;
				CLANG_WARN__DUPLICATE_METHOD_MATCH = YES;
				CODE_SIGN_IDENTITY = "iPhone Developer";
				COPY_PHASE_STRIP = NO;
				DEBUG_INFORMATION_FORMAT = "dwarf-with-dsym";
				ENABLE_NS_ASSERTIONS = NO;
				ENABLE_STRICT_OBJC_MSGSEND = YES;
				GCC_C_LANGUAGE_STANDARD = gnu11;
				GCC_NO_COMMON_BLOCKS = YES;
				GCC_WARN_64_TO_32_BIT_CONVERSION = YES;
				GCC_WARN_ABOUT_RETURN_TYPE = YES_ERROR;
				GCC_WARN_UNDECLARED_SELECTOR = YES;
				GCC_WARN_UNINITIALIZED_AUTOS = YES_AGGRESSIVE;
				GCC_WARN_UNUSED_FUNCTION = YES;
				GCC_WARN_UNUSED_VARIABLE = YES;
				IPHONEOS_DEPLOYMENT_TARGET = 10.0;
				MTL_ENABLE_DEBUG_INFO = NO;
				SDKROOT = iphoneos;
				SWIFT_COMPILATION_MODE = wholemodule;
				SWIFT_OPTIMIZATION_LEVEL = "-O";
				VALIDATE_PRODUCT = YES;
			};
			name = Release;
		};
		629113B821193FDD00A1DCBB /* Debug */ = {
			isa = XCBuildConfiguration;
			baseConfigurationReference = EE6CDFEA19F54697FA6F8103 /* Pods-MentionApp.debug.xcconfig */;
			buildSettings = {
				ASSETCATALOG_COMPILER_APPICON_NAME = AppIcon;
				CODE_SIGN_STYLE = Automatic;
				INFOPLIST_FILE = MentionApp/Info.plist;
				LD_RUNPATH_SEARCH_PATHS = (
					"$(inherited)",
					"@executable_path/Frameworks",
				);
				PRODUCT_BUNDLE_IDENTIFIER = com.sample.MentionApp;
				PRODUCT_NAME = "$(TARGET_NAME)";
				SWIFT_VERSION = 4.0;
				TARGETED_DEVICE_FAMILY = "1,2";
			};
			name = Debug;
		};
		629113B921193FDD00A1DCBB /* Release */ = {
			isa = XCBuildConfiguration;
			baseConfigurationReference = 8C6D3B5AD653B6745454B9B0 /* Pods-MentionApp.release.xcconfig */;
			buildSettings = {
				ASSETCATALOG_COMPILER_APPICON_NAME = AppIcon;
				CODE_SIGN_STYLE = Automatic;
				INFOPLIST_FILE = MentionApp/Info.plist;
				LD_RUNPATH_SEARCH_PATHS = (
					"$(inherited)",
					"@executable_path/Frameworks",
				);
				PRODUCT_BUNDLE_IDENTIFIER = com.sample.MentionApp;
				PRODUCT_NAME = "$(TARGET_NAME)";
				SWIFT_VERSION = 4.0;
				TARGETED_DEVICE_FAMILY = "1,2";
			};
			name = Release;
		};
/* End XCBuildConfiguration section */

/* Begin XCConfigurationList section */
		629113A021193FDB00A1DCBB /* Build configuration list for PBXProject "MentionApp" */ = {
			isa = XCConfigurationList;
			buildConfigurations = (
				629113B521193FDD00A1DCBB /* Debug */,
				629113B621193FDD00A1DCBB /* Release */,
			);
			defaultConfigurationIsVisible = 0;
			defaultConfigurationName = Release;
		};
		629113B721193FDD00A1DCBB /* Build configuration list for PBXNativeTarget "MentionApp" */ = {
			isa = XCConfigurationList;
			buildConfigurations = (
				629113B821193FDD00A1DCBB /* Debug */,
				629113B921193FDD00A1DCBB /* Release */,
			);
			defaultConfigurationIsVisible = 0;
			defaultConfigurationName = Release;
		};
/* End XCConfigurationList section */
	};
	rootObject = 6291139D21193FDB00A1DCBB /* Project object */;
}
